
Microsoft Visual Studio Solution File, Format Version 12.00
# Visual Studio Version 17
VisualStudioVersion = 17.0.31903.59
MinimumVisualStudioVersion = 10.0.40219.1
Project("{2150E333-8FDC-42A3-9474-1A3956D46DE8}") = "src", "src", "{827E0CD3-B72D-47B6-A68D-7590B98EB39B}"
EndProject
Project("{FAE04EC0-301F-11D3-BF4B-00C04F79EFBC}") = "Omega.Api", "src\Omega.Api\Omega.Api.csproj", "{CA272A78-A65D-48DA-93D3-E13F29434B46}"
EndProject
Project("{FAE04EC0-301F-11D3-BF4B-00C04F79EFBC}") = "Omega.Core", "src\Omega.Core\Omega.Core.csproj", "{A38F1BA0-5211-4FDA-912B-EF936FC3E88B}"
EndProject
Project("{FAE04EC0-301F-11D3-BF4B-00C04F79EFBC}") = "Omega.Backtesting", "src\Omega.Backtesting\Omega.Backtesting.csproj", "{133B16CC-2B1B-4877-9D21-91AC9C3CF33E}"
EndProject
Project("{FAE04EC0-301F-11D3-BF4B-00C04F79EFBC}") = "Omega.Execution", "src\Omega.Execution\Omega.Execution.csproj", "{E633A1B4-AC21-4611-9368-94D3F4D1BD43}"
EndProject
Project("{FAE04EC0-301F-11D3-BF4B-00C04F79EFBC}") = "Omega.Features", "src\Omega.Features\Omega.Features.csproj", "{C11D8D65-DDEF-4E07-B28F-95EE30F6D7B8}"
EndProject
Project("{FAE04EC0-301F-11D3-BF4B-00C04F79EFBC}") = "Omega.Infrastructure", "src\Omega.Infrastructure\Omega.Infrastructure.csproj", "{D05EC667-4C5F-4B44-B3A7-2EE32C58A0DC}"
EndProject
Project("{FAE04EC0-301F-11D3-BF4B-00C04F79EFBC}") = "Omega.MarketData", "src\Omega.MarketData\Omega.MarketData.csproj", "{07656912-7995-4822-B590-F1FDAF7C31A9}"
EndProject
Project("{FAE04EC0-301F-11D3-BF4B-00C04F79EFBC}") = "Omega.Risk", "src\Omega.Risk\Omega.Risk.csproj", "{4D1E354A-1DC9-416A-B246-E034B0C79CC8}"
EndProject
Project("{FAE04EC0-301F-11D3-BF4B-00C04F79EFBC}") = "Omega.Strategy", "src\Omega.Strategy\Omega.Strategy.csproj", "{EE6B267B-C488-4E5A-A6F3-68652F84561D}"
EndProject
Project("{FAE04EC0-301F-11D3-BF4B-00C04F79EFBC}") = "Omega.UI", "src\Omega.UI\Omega.UI.csproj", "{4D0BE322-49A8-48CE-B5B9-977ED2D74316}"
EndProject
Project("{FAE04EC0-301F-11D3-BF4B-00C04F79EFBC}") = "Omega.Worker", "src\Omega.Worker\Omega.Worker.csproj", "{F915690B-3A74-4971-828B-DBD79DA5D177}"
EndProject
Project("{2150E333-8FDC-42A3-9474-1A3956D46DE8}") = "tests", "tests", "{0AB3BF05-4346-4AA6-1389-037BE0695223}"
EndProject
Project("{FAE04EC0-301F-11D3-BF4B-00C04F79EFBC}") = "Omega.Api.Tests", "tests\Omega.Api.Tests\Omega.Api.Tests.csproj", "{EF5F705E-8266-44E8-B31F-C15B0817502C}"
EndProject
Project("{FAE04EC0-301F-11D3-BF4B-00C04F79EFBC}") = "Omega.Backtesting.Tests", "tests\Omega.Backtesting.Tests\Omega.Backtesting.Tests.csproj", "{1DC78F45-6427-4CAC-A2C2-B24F3028B0E0}"
EndProject
Project("{FAE04EC0-301F-11D3-BF4B-00C04F79EFBC}") = "Omega.Core.Tests", "tests\Omega.Core.Tests\Omega.Core.Tests.csproj", "{91A4A009-4C21-466B-87AD-CE2CE814C9E6}"
EndProject
Project("{FAE04EC0-301F-11D3-BF4B-00C04F79EFBC}") = "Omega.Features.Tests", "tests\Omega.Features.Tests\Omega.Features.Tests.csproj", "{9201C7A7-F948-4849-99F0-B6126A798D39}"
EndProject
Project("{FAE04EC0-301F-11D3-BF4B-00C04F79EFBC}") = "Omega.Integration.Tests", "tests\Omega.Integration.Tests\Omega.Integration.Tests.csproj", "{1AD160B3-FC7F-4E51-BD5E-8601C5124572}"
EndProject
Project("{FAE04EC0-301F-11D3-BF4B-00C04F79EFBC}") = "Omega.MarketData.Tests", "tests\Omega.MarketData.Tests\Omega.MarketData.Tests.csproj", "{B93798BF-F5B3-4E49-BD83-3421B587BFEB}"
EndProject
Project("{FAE04EC0-301F-11D3-BF4B-00C04F79EFBC}") = "Omega.Risk.Tests", "tests\Omega.Risk.Tests\Omega.Risk.Tests.csproj", "{5DE01332-214D-48F6-862F-E77BD4A811B8}"
EndProject
Project("{FAE04EC0-301F-11D3-BF4B-00C04F79EFBC}") = "Omega.Strategy.Tests", "tests\Omega.Strategy.Tests\Omega.Strategy.Tests.csproj", "{F5E5D0AC-C792-47D2-97AA-9D9BEB88CD36}"
EndProject
Project("{FAE04EC0-301F-11D3-BF4B-00C04F79EFBC}") = "Omega.Application", "src\Omega.Application\Omega.Application.csproj", "{0465B568-9127-488E-8827-0903FD608C39}"
EndProject
Project("{FAE04EC0-301F-11D3-BF4B-00C04F79EFBC}") = "Omega.Application.Tests", "tests\Omega.Application.Tests\Omega.Application.Tests.csproj", "{9577E4A0-64B6-46AB-A918-58ED933BC224}"
EndProject
Global
	GlobalSection(SolutionConfigurationPlatforms) = preSolution
		Debug|Any CPU = Debug|Any CPU
		Debug|x64 = Debug|x64
		Debug|x86 = Debug|x86
		Release|Any CPU = Release|Any CPU
		Release|x64 = Release|x64
		Release|x86 = Release|x86
	EndGlobalSection
	GlobalSection(ProjectConfigurationPlatforms) = postSolution
		{CA272A78-A65D-48DA-93D3-E13F29434B46}.Debug|Any CPU.ActiveCfg = Debug|Any CPU
		{CA272A78-A65D-48DA-93D3-E13F29434B46}.Debug|Any CPU.Build.0 = Debug|Any CPU
		{CA272A78-A65D-48DA-93D3-E13F29434B46}.Debug|x64.ActiveCfg = Debug|Any CPU
		{CA272A78-A65D-48DA-93D3-E13F29434B46}.Debug|x64.Build.0 = Debug|Any CPU
		{CA272A78-A65D-48DA-93D3-E13F29434B46}.Debug|x86.ActiveCfg = Debug|Any CPU
		{CA272A78-A65D-48DA-93D3-E13F29434B46}.Debug|x86.Build.0 = Debug|Any CPU
		{CA272A78-A65D-48DA-93D3-E13F29434B46}.Release|Any CPU.ActiveCfg = Release|Any CPU
		{CA272A78-A65D-48DA-93D3-E13F29434B46}.Release|Any CPU.Build.0 = Release|Any CPU
		{CA272A78-A65D-48DA-93D3-E13F29434B46}.Release|x64.ActiveCfg = Release|Any CPU
		{CA272A78-A65D-48DA-93D3-E13F29434B46}.Release|x64.Build.0 = Release|Any CPU
		{CA272A78-A65D-48DA-93D3-E13F29434B46}.Release|x86.ActiveCfg = Release|Any CPU
		{CA272A78-A65D-48DA-93D3-E13F29434B46}.Release|x86.Build.0 = Release|Any CPU
		{A38F1BA0-5211-4FDA-912B-EF936FC3E88B}.Debug|Any CPU.ActiveCfg = Debug|Any CPU
		{A38F1BA0-5211-4FDA-912B-EF936FC3E88B}.Debug|Any CPU.Build.0 = Debug|Any CPU
		{A38F1BA0-5211-4FDA-912B-EF936FC3E88B}.Debug|x64.ActiveCfg = Debug|Any CPU
		{A38F1BA0-5211-4FDA-912B-EF936FC3E88B}.Debug|x64.Build.0 = Debug|Any CPU
		{A38F1BA0-5211-4FDA-912B-EF936FC3E88B}.Debug|x86.ActiveCfg = Debug|Any CPU
		{A38F1BA0-5211-4FDA-912B-EF936FC3E88B}.Debug|x86.Build.0 = Debug|Any CPU
		{A38F1BA0-5211-4FDA-912B-EF936FC3E88B}.Release|Any CPU.ActiveCfg = Release|Any CPU
		{A38F1BA0-5211-4FDA-912B-EF936FC3E88B}.Release|Any CPU.Build.0 = Release|Any CPU
		{A38F1BA0-5211-4FDA-912B-EF936FC3E88B}.Release|x64.ActiveCfg = Release|Any CPU
		{A38F1BA0-5211-4FDA-912B-EF936FC3E88B}.Release|x64.Build.0 = Release|Any CPU
		{A38F1BA0-5211-4FDA-912B-EF936FC3E88B}.Release|x86.ActiveCfg = Release|Any CPU
		{A38F1BA0-5211-4FDA-912B-EF936FC3E88B}.Release|x86.Build.0 = Release|Any CPU
		{133B16CC-2B1B-4877-9D21-91AC9C3CF33E}.Debug|Any CPU.ActiveCfg = Debug|Any CPU
		{133B16CC-2B1B-4877-9D21-91AC9C3CF33E}.Debug|Any CPU.Build.0 = Debug|Any CPU
		{133B16CC-2B1B-4877-9D21-91AC9C3CF33E}.Debug|x64.ActiveCfg = Debug|Any CPU
		{133B16CC-2B1B-4877-9D21-91AC9C3CF33E}.Debug|x64.Build.0 = Debug|Any CPU
		{133B16CC-2B1B-4877-9D21-91AC9C3CF33E}.Debug|x86.ActiveCfg = Debug|Any CPU
		{133B16CC-2B1B-4877-9D21-91AC9C3CF33E}.Debug|x86.Build.0 = Debug|Any CPU
		{133B16CC-2B1B-4877-9D21-91AC9C3CF33E}.Release|Any CPU.ActiveCfg = Release|Any CPU
		{133B16CC-2B1B-4877-9D21-91AC9C3CF33E}.Release|Any CPU.Build.0 = Release|Any CPU
		{133B16CC-2B1B-4877-9D21-91AC9C3CF33E}.Release|x64.ActiveCfg = Release|Any CPU
		{133B16CC-2B1B-4877-9D21-91AC9C3CF33E}.Release|x64.Build.0 = Release|Any CPU
		{133B16CC-2B1B-4877-9D21-91AC9C3CF33E}.Release|x86.ActiveCfg = Release|Any CPU
		{133B16CC-2B1B-4877-9D21-91AC9C3CF33E}.Release|x86.Build.0 = Release|Any CPU
		{E633A1B4-AC21-4611-9368-94D3F4D1BD43}.Debug|Any CPU.ActiveCfg = Debug|Any CPU
		{E633A1B4-AC21-4611-9368-94D3F4D1BD43}.Debug|Any CPU.Build.0 = Debug|Any CPU
		{E633A1B4-AC21-4611-9368-94D3F4D1BD43}.Debug|x64.ActiveCfg = Debug|Any CPU
		{E633A1B4-AC21-4611-9368-94D3F4D1BD43}.Debug|x64.Build.0 = Debug|Any CPU
		{E633A1B4-AC21-4611-9368-94D3F4D1BD43}.Debug|x86.ActiveCfg = Debug|Any CPU
		{E633A1B4-AC21-4611-9368-94D3F4D1BD43}.Debug|x86.Build.0 = Debug|Any CPU
		{E633A1B4-AC21-4611-9368-94D3F4D1BD43}.Release|Any CPU.ActiveCfg = Release|Any CPU
		{E633A1B4-AC21-4611-9368-94D3F4D1BD43}.Release|Any CPU.Build.0 = Release|Any CPU
		{E633A1B4-AC21-4611-9368-94D3F4D1BD43}.Release|x64.ActiveCfg = Release|Any CPU
		{E633A1B4-AC21-4611-9368-94D3F4D1BD43}.Release|x64.Build.0 = Release|Any CPU
		{E633A1B4-AC21-4611-9368-94D3F4D1BD43}.Release|x86.ActiveCfg = Release|Any CPU
		{E633A1B4-AC21-4611-9368-94D3F4D1BD43}.Release|x86.Build.0 = Release|Any CPU
		{C11D8D65-DDEF-4E07-B28F-95EE30F6D7B8}.Debug|Any CPU.ActiveCfg = Debug|Any CPU
		{C11D8D65-DDEF-4E07-B28F-95EE30F6D7B8}.Debug|Any CPU.Build.0 = Debug|Any CPU
		{C11D8D65-DDEF-4E07-B28F-95EE30F6D7B8}.Debug|x64.ActiveCfg = Debug|Any CPU
		{C11D8D65-DDEF-4E07-B28F-95EE30F6D7B8}.Debug|x64.Build.0 = Debug|Any CPU
		{C11D8D65-DDEF-4E07-B28F-95EE30F6D7B8}.Debug|x86.ActiveCfg = Debug|Any CPU
		{C11D8D65-DDEF-4E07-B28F-95EE30F6D7B8}.Debug|x86.Build.0 = Debug|Any CPU
		{C11D8D65-DDEF-4E07-B28F-95EE30F6D7B8}.Release|Any CPU.ActiveCfg = Release|Any CPU
		{C11D8D65-DDEF-4E07-B28F-95EE30F6D7B8}.Release|Any CPU.Build.0 = Release|Any CPU
		{C11D8D65-DDEF-4E07-B28F-95EE30F6D7B8}.Release|x64.ActiveCfg = Release|Any CPU
		{C11D8D65-DDEF-4E07-B28F-95EE30F6D7B8}.Release|x64.Build.0 = Release|Any CPU
		{C11D8D65-DDEF-4E07-B28F-95EE30F6D7B8}.Release|x86.ActiveCfg = Release|Any CPU
		{C11D8D65-DDEF-4E07-B28F-95EE30F6D7B8}.Release|x86.Build.0 = Release|Any CPU
		{D05EC667-4C5F-4B44-B3A7-2EE32C58A0DC}.Debug|Any CPU.ActiveCfg = Debug|Any CPU
		{D05EC667-4C5F-4B44-B3A7-2EE32C58A0DC}.Debug|Any CPU.Build.0 = Debug|Any CPU
		{D05EC667-4C5F-4B44-B3A7-2EE32C58A0DC}.Debug|x64.ActiveCfg = Debug|Any CPU
		{D05EC667-4C5F-4B44-B3A7-2EE32C58A0DC}.Debug|x64.Build.0 = Debug|Any CPU
		{D05EC667-4C5F-4B44-B3A7-2EE32C58A0DC}.Debug|x86.ActiveCfg = Debug|Any CPU
		{D05EC667-4C5F-4B44-B3A7-2EE32C58A0DC}.Debug|x86.Build.0 = Debug|Any CPU
		{D05EC667-4C5F-4B44-B3A7-2EE32C58A0DC}.Release|Any CPU.ActiveCfg = Release|Any CPU
		{D05EC667-4C5F-4B44-B3A7-2EE32C58A0DC}.Release|Any CPU.Build.0 = Release|Any CPU
		{D05EC667-4C5F-4B44-B3A7-2EE32C58A0DC}.Release|x64.ActiveCfg = Release|Any CPU
		{D05EC667-4C5F-4B44-B3A7-2EE32C58A0DC}.Release|x64.Build.0 = Release|Any CPU
		{D05EC667-4C5F-4B44-B3A7-2EE32C58A0DC}.Release|x86.ActiveCfg = Release|Any CPU
		{D05EC667-4C5F-4B44-B3A7-2EE32C58A0DC}.Release|x86.Build.0 = Release|Any CPU
		{07656912-7995-4822-B590-F1FDAF7C31A9}.Debug|Any CPU.ActiveCfg = Debug|Any CPU
		{07656912-7995-4822-B590-F1FDAF7C31A9}.Debug|Any CPU.Build.0 = Debug|Any CPU
		{07656912-7995-4822-B590-F1FDAF7C31A9}.Debug|x64.ActiveCfg = Debug|Any CPU
		{07656912-7995-4822-B590-F1FDAF7C31A9}.Debug|x64.Build.0 = Debug|Any CPU
		{07656912-7995-4822-B590-F1FDAF7C31A9}.Debug|x86.ActiveCfg = Debug|Any CPU
		{07656912-7995-4822-B590-F1FDAF7C31A9}.Debug|x86.Build.0 = Debug|Any CPU
		{07656912-7995-4822-B590-F1FDAF7C31A9}.Release|Any CPU.ActiveCfg = Release|Any CPU
		{07656912-7995-4822-B590-F1FDAF7C31A9}.Release|Any CPU.Build.0 = Release|Any CPU
		{07656912-7995-4822-B590-F1FDAF7C31A9}.Release|x64.ActiveCfg = Release|Any CPU
		{07656912-7995-4822-B590-F1FDAF7C31A9}.Release|x64.Build.0 = Release|Any CPU
		{07656912-7995-4822-B590-F1FDAF7C31A9}.Release|x86.ActiveCfg = Release|Any CPU
		{07656912-7995-4822-B590-F1FDAF7C31A9}.Release|x86.Build.0 = Release|Any CPU
		{4D1E354A-1DC9-416A-B246-E034B0C79CC8}.Debug|Any CPU.ActiveCfg = Debug|Any CPU
		{4D1E354A-1DC9-416A-B246-E034B0C79CC8}.Debug|Any CPU.Build.0 = Debug|Any CPU
		{4D1E354A-1DC9-416A-B246-E034B0C79CC8}.Debug|x64.ActiveCfg = Debug|Any CPU
		{4D1E354A-1DC9-416A-B246-E034B0C79CC8}.Debug|x64.Build.0 = Debug|Any CPU
		{4D1E354A-1DC9-416A-B246-E034B0C79CC8}.Debug|x86.ActiveCfg = Debug|Any CPU
		{4D1E354A-1DC9-416A-B246-E034B0C79CC8}.Debug|x86.Build.0 = Debug|Any CPU
		{4D1E354A-1DC9-416A-B246-E034B0C79CC8}.Release|Any CPU.ActiveCfg = Release|Any CPU
		{4D1E354A-1DC9-416A-B246-E034B0C79CC8}.Release|Any CPU.Build.0 = Release|Any CPU
		{4D1E354A-1DC9-416A-B246-E034B0C79CC8}.Release|x64.ActiveCfg = Release|Any CPU
		{4D1E354A-1DC9-416A-B246-E034B0C79CC8}.Release|x64.Build.0 = Release|Any CPU
		{4D1E354A-1DC9-416A-B246-E034B0C79CC8}.Release|x86.ActiveCfg = Release|Any CPU
		{4D1E354A-1DC9-416A-B246-E034B0C79CC8}.Release|x86.Build.0 = Release|Any CPU
		{EE6B267B-C488-4E5A-A6F3-68652F84561D}.Debug|Any CPU.ActiveCfg = Debug|Any CPU
		{EE6B267B-C488-4E5A-A6F3-68652F84561D}.Debug|Any CPU.Build.0 = Debug|Any CPU
		{EE6B267B-C488-4E5A-A6F3-68652F84561D}.Debug|x64.ActiveCfg = Debug|Any CPU
		{EE6B267B-C488-4E5A-A6F3-68652F84561D}.Debug|x64.Build.0 = Debug|Any CPU
		{EE6B267B-C488-4E5A-A6F3-68652F84561D}.Debug|x86.ActiveCfg = Debug|Any CPU
		{EE6B267B-C488-4E5A-A6F3-68652F84561D}.Debug|x86.Build.0 = Debug|Any CPU
		{EE6B267B-C488-4E5A-A6F3-68652F84561D}.Release|Any CPU.ActiveCfg = Release|Any CPU
		{EE6B267B-C488-4E5A-A6F3-68652F84561D}.Release|Any CPU.Build.0 = Release|Any CPU
		{EE6B267B-C488-4E5A-A6F3-68652F84561D}.Release|x64.ActiveCfg = Release|Any CPU
		{EE6B267B-C488-4E5A-A6F3-68652F84561D}.Release|x64.Build.0 = Release|Any CPU
		{EE6B267B-C488-4E5A-A6F3-68652F84561D}.Release|x86.ActiveCfg = Release|Any CPU
		{EE6B267B-C488-4E5A-A6F3-68652F84561D}.Release|x86.Build.0 = Release|Any CPU
		{4D0BE322-49A8-48CE-B5B9-977ED2D74316}.Debug|Any CPU.ActiveCfg = Debug|Any CPU
		{4D0BE322-49A8-48CE-B5B9-977ED2D74316}.Debug|Any CPU.Build.0 = Debug|Any CPU
		{4D0BE322-49A8-48CE-B5B9-977ED2D74316}.Debug|x64.ActiveCfg = Debug|Any CPU
		{4D0BE322-49A8-48CE-B5B9-977ED2D74316}.Debug|x64.Build.0 = Debug|Any CPU
		{4D0BE322-49A8-48CE-B5B9-977ED2D74316}.Debug|x86.ActiveCfg = Debug|Any CPU
		{4D0BE322-49A8-48CE-B5B9-977ED2D74316}.Debug|x86.Build.0 = Debug|Any CPU
		{4D0BE322-49A8-48CE-B5B9-977ED2D74316}.Release|Any CPU.ActiveCfg = Release|Any CPU
		{4D0BE322-49A8-48CE-B5B9-977ED2D74316}.Release|Any CPU.Build.0 = Release|Any CPU
		{4D0BE322-49A8-48CE-B5B9-977ED2D74316}.Release|x64.ActiveCfg = Release|Any CPU
		{4D0BE322-49A8-48CE-B5B9-977ED2D74316}.Release|x64.Build.0 = Release|Any CPU
		{4D0BE322-49A8-48CE-B5B9-977ED2D74316}.Release|x86.ActiveCfg = Release|Any CPU
		{4D0BE322-49A8-48CE-B5B9-977ED2D74316}.Release|x86.Build.0 = Release|Any CPU
		{F915690B-3A74-4971-828B-DBD79DA5D177}.Debug|Any CPU.ActiveCfg = Debug|Any CPU
		{F915690B-3A74-4971-828B-DBD79DA5D177}.Debug|Any CPU.Build.0 = Debug|Any CPU
		{F915690B-3A74-4971-828B-DBD79DA5D177}.Debug|x64.ActiveCfg = Debug|Any CPU
		{F915690B-3A74-4971-828B-DBD79DA5D177}.Debug|x64.Build.0 = Debug|Any CPU
		{F915690B-3A74-4971-828B-DBD79DA5D177}.Debug|x86.ActiveCfg = Debug|Any CPU
		{F915690B-3A74-4971-828B-DBD79DA5D177}.Debug|x86.Build.0 = Debug|Any CPU
		{F915690B-3A74-4971-828B-DBD79DA5D177}.Release|Any CPU.ActiveCfg = Release|Any CPU
		{F915690B-3A74-4971-828B-DBD79DA5D177}.Release|Any CPU.Build.0 = Release|Any CPU
		{F915690B-3A74-4971-828B-DBD79DA5D177}.Release|x64.ActiveCfg = Release|Any CPU
		{F915690B-3A74-4971-828B-DBD79DA5D177}.Release|x64.Build.0 = Release|Any CPU
		{F915690B-3A74-4971-828B-DBD79DA5D177}.Release|x86.ActiveCfg = Release|Any CPU
		{F915690B-3A74-4971-828B-DBD79DA5D177}.Release|x86.Build.0 = Release|Any CPU
		{EF5F705E-8266-44E8-B31F-C15B0817502C}.Debug|Any CPU.ActiveCfg = Debug|Any CPU
		{EF5F705E-8266-44E8-B31F-C15B0817502C}.Debug|Any CPU.Build.0 = Debug|Any CPU
		{EF5F705E-8266-44E8-B31F-C15B0817502C}.Debug|x64.ActiveCfg = Debug|Any CPU
		{EF5F705E-8266-44E8-B31F-C15B0817502C}.Debug|x64.Build.0 = Debug|Any CPU
		{EF5F705E-8266-44E8-B31F-C15B0817502C}.Debug|x86.ActiveCfg = Debug|Any CPU
		{EF5F705E-8266-44E8-B31F-C15B0817502C}.Debug|x86.Build.0 = Debug|Any CPU
		{EF5F705E-8266-44E8-B31F-C15B0817502C}.Release|Any CPU.ActiveCfg = Release|Any CPU
		{EF5F705E-8266-44E8-B31F-C15B0817502C}.Release|Any CPU.Build.0 = Release|Any CPU
		{EF5F705E-8266-44E8-B31F-C15B0817502C}.Release|x64.ActiveCfg = Release|Any CPU
		{EF5F705E-8266-44E8-B31F-C15B0817502C}.Release|x64.Build.0 = Release|Any CPU
		{EF5F705E-8266-44E8-B31F-C15B0817502C}.Release|x86.ActiveCfg = Release|Any CPU
		{EF5F705E-8266-44E8-B31F-C15B0817502C}.Release|x86.Build.0 = Release|Any CPU
		{1DC78F45-6427-4CAC-A2C2-B24F3028B0E0}.Debug|Any CPU.ActiveCfg = Debug|Any CPU
		{1DC78F45-6427-4CAC-A2C2-B24F3028B0E0}.Debug|Any CPU.Build.0 = Debug|Any CPU
		{1DC78F45-6427-4CAC-A2C2-B24F3028B0E0}.Debug|x64.ActiveCfg = Debug|Any CPU
		{1DC78F45-6427-4CAC-A2C2-B24F3028B0E0}.Debug|x64.Build.0 = Debug|Any CPU
		{1DC78F45-6427-4CAC-A2C2-B24F3028B0E0}.Debug|x86.ActiveCfg = Debug|Any CPU
		{1DC78F45-6427-4CAC-A2C2-B24F3028B0E0}.Debug|x86.Build.0 = Debug|Any CPU
		{1DC78F45-6427-4CAC-A2C2-B24F3028B0E0}.Release|Any CPU.ActiveCfg = Release|Any CPU
		{1DC78F45-6427-4CAC-A2C2-B24F3028B0E0}.Release|Any CPU.Build.0 = Release|Any CPU
		{1DC78F45-6427-4CAC-A2C2-B24F3028B0E0}.Release|x64.ActiveCfg = Release|Any CPU
		{1DC78F45-6427-4CAC-A2C2-B24F3028B0E0}.Release|x64.Build.0 = Release|Any CPU
		{1DC78F45-6427-4CAC-A2C2-B24F3028B0E0}.Release|x86.ActiveCfg = Release|Any CPU
		{1DC78F45-6427-4CAC-A2C2-B24F3028B0E0}.Release|x86.Build.0 = Release|Any CPU
		{91A4A009-4C21-466B-87AD-CE2CE814C9E6}.Debug|Any CPU.ActiveCfg = Debug|Any CPU
		{91A4A009-4C21-466B-87AD-CE2CE814C9E6}.Debug|Any CPU.Build.0 = Debug|Any CPU
		{91A4A009-4C21-466B-87AD-CE2CE814C9E6}.Debug|x64.ActiveCfg = Debug|Any CPU
		{91A4A009-4C21-466B-87AD-CE2CE814C9E6}.Debug|x64.Build.0 = Debug|Any CPU
		{91A4A009-4C21-466B-87AD-CE2CE814C9E6}.Debug|x86.ActiveCfg = Debug|Any CPU
		{91A4A009-4C21-466B-87AD-CE2CE814C9E6}.Debug|x86.Build.0 = Debug|Any CPU
		{91A4A009-4C21-466B-87AD-CE2CE814C9E6}.Release|Any CPU.ActiveCfg = Release|Any CPU
		{91A4A009-4C21-466B-87AD-CE2CE814C9E6}.Release|Any CPU.Build.0 = Release|Any CPU
		{91A4A009-4C21-466B-87AD-CE2CE814C9E6}.Release|x64.ActiveCfg = Release|Any CPU
		{91A4A009-4C21-466B-87AD-CE2CE814C9E6}.Release|x64.Build.0 = Release|Any CPU
		{91A4A009-4C21-466B-87AD-CE2CE814C9E6}.Release|x86.ActiveCfg = Release|Any CPU
		{91A4A009-4C21-466B-87AD-CE2CE814C9E6}.Release|x86.Build.0 = Release|Any CPU
		{9201C7A7-F948-4849-99F0-B6126A798D39}.Debug|Any CPU.ActiveCfg = Debug|Any CPU
		{9201C7A7-F948-4849-99F0-B6126A798D39}.Debug|Any CPU.Build.0 = Debug|Any CPU
		{9201C7A7-F948-4849-99F0-B6126A798D39}.Debug|x64.ActiveCfg = Debug|Any CPU
		{9201C7A7-F948-4849-99F0-B6126A798D39}.Debug|x64.Build.0 = Debug|Any CPU
		{9201C7A7-F948-4849-99F0-B6126A798D39}.Debug|x86.ActiveCfg = Debug|Any CPU
		{9201C7A7-F948-4849-99F0-B6126A798D39}.Debug|x86.Build.0 = Debug|Any CPU
		{9201C7A7-F948-4849-99F0-B6126A798D39}.Release|Any CPU.ActiveCfg = Release|Any CPU
		{9201C7A7-F948-4849-99F0-B6126A798D39}.Release|Any CPU.Build.0 = Release|Any CPU
		{9201C7A7-F948-4849-99F0-B6126A798D39}.Release|x64.ActiveCfg = Release|Any CPU
		{9201C7A7-F948-4849-99F0-B6126A798D39}.Release|x64.Build.0 = Release|Any CPU
		{9201C7A7-F948-4849-99F0-B6126A798D39}.Release|x86.ActiveCfg = Release|Any CPU
		{9201C7A7-F948-4849-99F0-B6126A798D39}.Release|x86.Build.0 = Release|Any CPU
		{1AD160B3-FC7F-4E51-BD5E-8601C5124572}.Debug|Any CPU.ActiveCfg = Debug|Any CPU
		{1AD160B3-FC7F-4E51-BD5E-8601C5124572}.Debug|Any CPU.Build.0 = Debug|Any CPU
		{1AD160B3-FC7F-4E51-BD5E-8601C5124572}.Debug|x64.ActiveCfg = Debug|Any CPU
		{1AD160B3-FC7F-4E51-BD5E-8601C5124572}.Debug|x64.Build.0 = Debug|Any CPU
		{1AD160B3-FC7F-4E51-BD5E-8601C5124572}.Debug|x86.ActiveCfg = Debug|Any CPU
		{1AD160B3-FC7F-4E51-BD5E-8601C5124572}.Debug|x86.Build.0 = Debug|Any CPU
		{1AD160B3-FC7F-4E51-BD5E-8601C5124572}.Release|Any CPU.ActiveCfg = Release|Any CPU
		{1AD160B3-FC7F-4E51-BD5E-8601C5124572}.Release|Any CPU.Build.0 = Release|Any CPU
		{1AD160B3-FC7F-4E51-BD5E-8601C5124572}.Release|x64.ActiveCfg = Release|Any CPU
		{1AD160B3-FC7F-4E51-BD5E-8601C5124572}.Release|x64.Build.0 = Release|Any CPU
		{1AD160B3-FC7F-4E51-BD5E-8601C5124572}.Release|x86.ActiveCfg = Release|Any CPU
		{1AD160B3-FC7F-4E51-BD5E-8601C5124572}.Release|x86.Build.0 = Release|Any CPU
		{B93798BF-F5B3-4E49-BD83-3421B587BFEB}.Debug|Any CPU.ActiveCfg = Debug|Any CPU
		{B93798BF-F5B3-4E49-BD83-3421B587BFEB}.Debug|Any CPU.Build.0 = Debug|Any CPU
		{B93798BF-F5B3-4E49-BD83-3421B587BFEB}.Debug|x64.ActiveCfg = Debug|Any CPU
		{B93798BF-F5B3-4E49-BD83-3421B587BFEB}.Debug|x64.Build.0 = Debug|Any CPU
		{B93798BF-F5B3-4E49-BD83-3421B587BFEB}.Debug|x86.ActiveCfg = Debug|Any CPU
		{B93798BF-F5B3-4E49-BD83-3421B587BFEB}.Debug|x86.Build.0 = Debug|Any CPU
		{B93798BF-F5B3-4E49-BD83-3421B587BFEB}.Release|Any CPU.ActiveCfg = Release|Any CPU
		{B93798BF-F5B3-4E49-BD83-3421B587BFEB}.Release|Any CPU.Build.0 = Release|Any CPU
		{B93798BF-F5B3-4E49-BD83-3421B587BFEB}.Release|x64.ActiveCfg = Release|Any CPU
		{B93798BF-F5B3-4E49-BD83-3421B587BFEB}.Release|x64.Build.0 = Release|Any CPU
		{B93798BF-F5B3-4E49-BD83-3421B587BFEB}.Release|x86.ActiveCfg = Release|Any CPU
		{B93798BF-F5B3-4E49-BD83-3421B587BFEB}.Release|x86.Build.0 = Release|Any CPU
		{5DE01332-214D-48F6-862F-E77BD4A811B8}.Debug|Any CPU.ActiveCfg = Debug|Any CPU
		{5DE01332-214D-48F6-862F-E77BD4A811B8}.Debug|Any CPU.Build.0 = Debug|Any CPU
		{5DE01332-214D-48F6-862F-E77BD4A811B8}.Debug|x64.ActiveCfg = Debug|Any CPU
		{5DE01332-214D-48F6-862F-E77BD4A811B8}.Debug|x64.Build.0 = Debug|Any CPU
		{5DE01332-214D-48F6-862F-E77BD4A811B8}.Debug|x86.ActiveCfg = Debug|Any CPU
		{5DE01332-214D-48F6-862F-E77BD4A811B8}.Debug|x86.Build.0 = Debug|Any CPU
		{5DE01332-214D-48F6-862F-E77BD4A811B8}.Release|Any CPU.ActiveCfg = Release|Any CPU
		{5DE01332-214D-48F6-862F-E77BD4A811B8}.Release|Any CPU.Build.0 = Release|Any CPU
		{5DE01332-214D-48F6-862F-E77BD4A811B8}.Release|x64.ActiveCfg = Release|Any CPU
		{5DE01332-214D-48F6-862F-E77BD4A811B8}.Release|x64.Build.0 = Release|Any CPU
		{5DE01332-214D-48F6-862F-E77BD4A811B8}.Release|x86.ActiveCfg = Release|Any CPU
		{5DE01332-214D-48F6-862F-E77BD4A811B8}.Release|x86.Build.0 = Release|Any CPU
		{F5E5D0AC-C792-47D2-97AA-9D9BEB88CD36}.Debug|Any CPU.ActiveCfg = Debug|Any CPU
		{F5E5D0AC-C792-47D2-97AA-9D9BEB88CD36}.Debug|Any CPU.Build.0 = Debug|Any CPU
		{F5E5D0AC-C792-47D2-97AA-9D9BEB88CD36}.Debug|x64.ActiveCfg = Debug|Any CPU
		{F5E5D0AC-C792-47D2-97AA-9D9BEB88CD36}.Debug|x64.Build.0 = Debug|Any CPU
		{F5E5D0AC-C792-47D2-97AA-9D9BEB88CD36}.Debug|x86.ActiveCfg = Debug|Any CPU
		{F5E5D0AC-C792-47D2-97AA-9D9BEB88CD36}.Debug|x86.Build.0 = Debug|Any CPU
		{F5E5D0AC-C792-47D2-97AA-9D9BEB88CD36}.Release|Any CPU.ActiveCfg = Release|Any CPU
		{F5E5D0AC-C792-47D2-97AA-9D9BEB88CD36}.Release|Any CPU.Build.0 = Release|Any CPU
		{F5E5D0AC-C792-47D2-97AA-9D9BEB88CD36}.Release|x64.ActiveCfg = Release|Any CPU
		{F5E5D0AC-C792-47D2-97AA-9D9BEB88CD36}.Release|x64.Build.0 = Release|Any CPU
		{F5E5D0AC-C792-47D2-97AA-9D9BEB88CD36}.Release|x86.ActiveCfg = Release|Any CPU
		{F5E5D0AC-C792-47D2-97AA-9D9BEB88CD36}.Release|x86.Build.0 = Release|Any CPU
		{0465B568-9127-488E-8827-0903FD608C39}.Debug|Any CPU.ActiveCfg = Debug|Any CPU
		{0465B568-9127-488E-8827-0903FD608C39}.Debug|Any CPU.Build.0 = Debug|Any CPU
		{0465B568-9127-488E-8827-0903FD608C39}.Debug|x64.ActiveCfg = Debug|Any CPU
		{0465B568-9127-488E-8827-0903FD608C39}.Debug|x64.Build.0 = Debug|Any CPU
		{0465B568-9127-488E-8827-0903FD608C39}.Debug|x86.ActiveCfg = Debug|Any CPU
		{0465B568-9127-488E-8827-0903FD608C39}.Debug|x86.Build.0 = Debug|Any CPU
		{0465B568-9127-488E-8827-0903FD608C39}.Release|Any CPU.ActiveCfg = Release|Any CPU
		{0465B568-9127-488E-8827-0903FD608C39}.Release|Any CPU.Build.0 = Release|Any CPU
		{0465B568-9127-488E-8827-0903FD608C39}.Release|x64.ActiveCfg = Release|Any CPU
		{0465B568-9127-488E-8827-0903FD608C39}.Release|x64.Build.0 = Release|Any CPU
		{0465B568-9127-488E-8827-0903FD608C39}.Release|x86.ActiveCfg = Release|Any CPU
		{0465B568-9127-488E-8827-0903FD608C39}.Release|x86.Build.0 = Release|Any CPU
		{9577E4A0-64B6-46AB-A918-58ED933BC224}.Debug|Any CPU.ActiveCfg = Debug|Any CPU
		{9577E4A0-64B6-46AB-A918-58ED933BC224}.Debug|Any CPU.Build.0 = Debug|Any CPU
		{9577E4A0-64B6-46AB-A918-58ED933BC224}.Debug|x64.ActiveCfg = Debug|Any CPU
		{9577E4A0-64B6-46AB-A918-58ED933BC224}.Debug|x64.Build.0 = Debug|Any CPU
		{9577E4A0-64B6-46AB-A918-58ED933BC224}.Debug|x86.ActiveCfg = Debug|Any CPU
		{9577E4A0-64B6-46AB-A918-58ED933BC224}.Debug|x86.Build.0 = Debug|Any CPU
		{9577E4A0-64B6-46AB-A918-58ED933BC224}.Release|Any CPU.ActiveCfg = Release|Any CPU
		{9577E4A0-64B6-46AB-A918-58ED933BC224}.Release|Any CPU.Build.0 = Release|Any CPU
		{9577E4A0-64B6-46AB-A918-58ED933BC224}.Release|x64.ActiveCfg = Release|Any CPU
		{9577E4A0-64B6-46AB-A918-58ED933BC224}.Release|x64.Build.0 = Release|Any CPU
		{9577E4A0-64B6-46AB-A918-58ED933BC224}.Release|x86.ActiveCfg = Release|Any CPU
		{9577E4A0-64B6-46AB-A918-58ED933BC224}.Release|x86.Build.0 = Release|Any CPU
	EndGlobalSection
	GlobalSection(SolutionProperties) = preSolution
		HideSolutionNode = FALSE
	EndGlobalSection
	GlobalSection(NestedProjects) = preSolution
		{CA272A78-A65D-48DA-93D3-E13F29434B46} = {827E0CD3-B72D-47B6-A68D-7590B98EB39B}
		{A38F1BA0-5211-4FDA-912B-EF936FC3E88B} = {827E0CD3-B72D-47B6-A68D-7590B98EB39B}
		{133B16CC-2B1B-4877-9D21-91AC9C3CF33E} = {827E0CD3-B72D-47B6-A68D-7590B98EB39B}
		{E633A1B4-AC21-4611-9368-94D3F4D1BD43} = {827E0CD3-B72D-47B6-A68D-7590B98EB39B}
		{C11D8D65-DDEF-4E07-B28F-95EE30F6D7B8} = {827E0CD3-B72D-47B6-A68D-7590B98EB39B}
		{D05EC667-4C5F-4B44-B3A7-2EE32C58A0DC} = {827E0CD3-B72D-47B6-A68D-7590B98EB39B}
		{07656912-7995-4822-B590-F1FDAF7C31A9} = {827E0CD3-B72D-47B6-A68D-7590B98EB39B}
		{4D1E354A-1DC9-416A-B246-E034B0C79CC8} = {827E0CD3-B72D-47B6-A68D-7590B98EB39B}
		{EE6B267B-C488-4E5A-A6F3-68652F84561D} = {827E0CD3-B72D-47B6-A68D-7590B98EB39B}
		{4D0BE322-49A8-48CE-B5B9-977ED2D74316} = {827E0CD3-B72D-47B6-A68D-7590B98EB39B}
		{F915690B-3A74-4971-828B-DBD79DA5D177} = {827E0CD3-B72D-47B6-A68D-7590B98EB39B}
		{EF5F705E-8266-44E8-B31F-C15B0817502C} = {0AB3BF05-4346-4AA6-1389-037BE0695223}
		{1DC78F45-6427-4CAC-A2C2-B24F3028B0E0} = {0AB3BF05-4346-4AA6-1389-037BE0695223}
		{91A4A009-4C21-466B-87AD-CE2CE814C9E6} = {0AB3BF05-4346-4AA6-1389-037BE0695223}
		{9201C7A7-F948-4849-99F0-B6126A798D39} = {0AB3BF05-4346-4AA6-1389-037BE0695223}
		{1AD160B3-FC7F-4E51-BD5E-8601C5124572} = {0AB3BF05-4346-4AA6-1389-037BE0695223}
		{B93798BF-F5B3-4E49-BD83-3421B587BFEB} = {0AB3BF05-4346-4AA6-1389-037BE0695223}
		{5DE01332-214D-48F6-862F-E77BD4A811B8} = {0AB3BF05-4346-4AA6-1389-037BE0695223}
		{F5E5D0AC-C792-47D2-97AA-9D9BEB88CD36} = {0AB3BF05-4346-4AA6-1389-037BE0695223}
		{0465B568-9127-488E-8827-0903FD608C39} = {827E0CD3-B72D-47B6-A68D-7590B98EB39B}
		{9577E4A0-64B6-46AB-A918-58ED933BC224} = {0AB3BF05-4346-4AA6-1389-037BE0695223}
	EndGlobalSection
EndGlobal
